// !$*UTF8*$!
{
	archiveVersion = 1;
	classes = {
	};
	objectVersion = 56;
	objects = {

/* Begin PBXBuildFile section */
		20202B312B14F0DD007CC8AA /* APIHandler.swift in Sources */ = {isa = PBXBuildFile; fileRef = 20202B302B14F0DD007CC8AA /* APIHandler.swift */; };
		20400EB42B145A6D00CA7D7A /* moevApp.swift in Sources */ = {isa = PBXBuildFile; fileRef = 20400EB32B145A6D00CA7D7A /* moevApp.swift */; };
		20400EB62B145A6D00CA7D7A /* ContentView.swift in Sources */ = {isa = PBXBuildFile; fileRef = 20400EB52B145A6D00CA7D7A /* ContentView.swift */; };
		20400EB82B145A6D00CA7D7A /* Assets.xcassets in Resources */ = {isa = PBXBuildFile; fileRef = 20400EB72B145A6D00CA7D7A /* Assets.xcassets */; };
		20400EBB2B145A6D00CA7D7A /* Preview Assets.xcassets in Resources */ = {isa = PBXBuildFile; fileRef = 20400EBA2B145A6D00CA7D7A /* Preview Assets.xcassets */; };
		20400EC52B145A6E00CA7D7A /* moevTests.swift in Sources */ = {isa = PBXBuildFile; fileRef = 20400EC42B145A6E00CA7D7A /* moevTests.swift */; };
		20400ECF2B145A6E00CA7D7A /* moevUITests.swift in Sources */ = {isa = PBXBuildFile; fileRef = 20400ECE2B145A6E00CA7D7A /* moevUITests.swift */; };
		20400ED12B145A6E00CA7D7A /* moevUITestsLaunchTests.swift in Sources */ = {isa = PBXBuildFile; fileRef = 20400ED02B145A6E00CA7D7A /* moevUITestsLaunchTests.swift */; };
		206453332B1ED6AE00E288C9 /* ActivityMonitor.swift in Sources */ = {isa = PBXBuildFile; fileRef = 206453322B1ED6AE00E288C9 /* ActivityMonitor.swift */; };
		2064533A2B2041F800E288C9 /* ComputeRoutes.swift in Sources */ = {isa = PBXBuildFile; fileRef = 206453392B2041F800E288C9 /* ComputeRoutes.swift */; };
		2064533C2B215D5700E288C9 /* APIUtils.swift in Sources */ = {isa = PBXBuildFile; fileRef = 2064533B2B215D5700E288C9 /* APIUtils.swift */; };
		2064533E2B2164C200E288C9 /* PlaceAutocomplete.swift in Sources */ = {isa = PBXBuildFile; fileRef = 2064533D2B2164C200E288C9 /* PlaceAutocomplete.swift */; };
		20853EA32B216EEE00D14116 /* PlaceDetails.swift in Sources */ = {isa = PBXBuildFile; fileRef = 20853EA22B216EEE00D14116 /* PlaceDetails.swift */; };
		20F70B252B1679F100B363FA /* LocationManager.swift in Sources */ = {isa = PBXBuildFile; fileRef = 20F70B242B1679F100B363FA /* LocationManager.swift */; };
		20F70B272B16AB8B00B363FA /* TextDisplay.swift in Sources */ = {isa = PBXBuildFile; fileRef = 20F70B262B16AB8B00B363FA /* TextDisplay.swift */; };
		20FAC05C2B2268C500D33275 /* UIUtils.swift in Sources */ = {isa = PBXBuildFile; fileRef = 20FAC05B2B2268C500D33275 /* UIUtils.swift */; };
		20FC63B12F71CE8400617B4F /* RouteDetailView.swift in Sources */ = {isa = PBXBuildFile; fileRef = 20FC63B02F71CE8400617B4F /* RouteDetailView.swift */; };
		20FC63B32F71CE9400617B4F /* RecentSearchesStore.swift in Sources */ = {isa = PBXBuildFile; fileRef = 20FC63B22F71CE9400617B4F /* RecentSearchesStore.swift */; };
		20FC63B52F72098900617B4F /* MultiRouteView.swift in Sources */ = {isa = PBXBuildFile; fileRef = 20FC63B42F72098900617B4F /* MultiRouteView.swift */; };
/* End PBXBuildFile section */

/* Begin PBXContainerItemProxy section */
		20400EC12B145A6E00CA7D7A /* PBXContainerItemProxy */ = {
			isa = PBXContainerItemProxy;
			containerPortal = 20400EA82B145A6D00CA7D7A /* Project object */;
			proxyType = 1;
			remoteGlobalIDString = 20400EAF2B145A6D00CA7D7A;
			remoteInfo = moev;
		};
		20400ECB2B145A6E00CA7D7A /* PBXContainerItemProxy */ = {
			isa = PBXContainerItemProxy;
			containerPortal = 20400EA82B145A6D00CA7D7A /* Project object */;
			proxyType = 1;
			remoteGlobalIDString = 20400EAF2B145A6D00CA7D7A;
			remoteInfo = moev;
		};
/* End PBXContainerItemProxy section */

/* Begin PBXFileReference section */
		20202B302B14F0DD007CC8AA /* APIHandler.swift */ = {isa = PBXFileReference; lastKnownFileType = sourcecode.swift; path = APIHandler.swift; sourceTree = "<group>"; };
		20400EB02B145A6D00CA7D7A /* moev.app */ = {isa = PBXFileReference; explicitFileType = wrapper.application; includeInIndex = 0; path = moev.app; sourceTree = BUILT_PRODUCTS_DIR; };
		20400EB32B145A6D00CA7D7A /* moevApp.swift */ = {isa = PBXFileReference; lastKnownFileType = sourcecode.swift; path = moevApp.swift; sourceTree = "<group>"; };
		20400EB52B145A6D00CA7D7A /* ContentView.swift */ = {isa = PBXFileReference; lastKnownFileType = sourcecode.swift; path = ContentView.swift; sourceTree = "<group>"; };
		20400EB72B145A6D00CA7D7A /* Assets.xcassets */ = {isa = PBXFileReference; lastKnownFileType = folder.assetcatalog; path = Assets.xcassets; sourceTree = "<group>"; };
		20400EBA2B145A6D00CA7D7A /* Preview Assets.xcassets */ = {isa = PBXFileReference; lastKnownFileType = folder.assetcatalog; path = "Preview Assets.xcassets"; sourceTree = "<group>"; };
		20400EC02B145A6E00CA7D7A /* moevTests.xctest */ = {isa = PBXFileReference; explicitFileType = wrapper.cfbundle; includeInIndex = 0; path = moevTests.xctest; sourceTree = BUILT_PRODUCTS_DIR; };
		20400EC42B145A6E00CA7D7A /* moevTests.swift */ = {isa = PBXFileReference; lastKnownFileType = sourcecode.swift; path = moevTests.swift; sourceTree = "<group>"; };
		20400ECA2B145A6E00CA7D7A /* moevUITests.xctest */ = {isa = PBXFileReference; explicitFileType = wrapper.cfbundle; includeInIndex = 0; path = moevUITests.xctest; sourceTree = BUILT_PRODUCTS_DIR; };
		20400ECE2B145A6E00CA7D7A /* moevUITests.swift */ = {isa = PBXFileReference; lastKnownFileType = sourcecode.swift; path = moevUITests.swift; sourceTree = "<group>"; };
		20400ED02B145A6E00CA7D7A /* moevUITestsLaunchTests.swift */ = {isa = PBXFileReference; lastKnownFileType = sourcecode.swift; path = moevUITestsLaunchTests.swift; sourceTree = "<group>"; };
		206453322B1ED6AE00E288C9 /* ActivityMonitor.swift */ = {isa = PBXFileReference; lastKnownFileType = sourcecode.swift; path = ActivityMonitor.swift; sourceTree = "<group>"; };
		206453392B2041F800E288C9 /* ComputeRoutes.swift */ = {isa = PBXFileReference; lastKnownFileType = sourcecode.swift; path = ComputeRoutes.swift; sourceTree = "<group>"; };
		2064533B2B215D5700E288C9 /* APIUtils.swift */ = {isa = PBXFileReference; lastKnownFileType = sourcecode.swift; path = APIUtils.swift; sourceTree = "<group>"; };
		2064533D2B2164C200E288C9 /* PlaceAutocomplete.swift */ = {isa = PBXFileReference; lastKnownFileType = sourcecode.swift; path = PlaceAutocomplete.swift; sourceTree = "<group>"; };
		20853EA22B216EEE00D14116 /* PlaceDetails.swift */ = {isa = PBXFileReference; lastKnownFileType = sourcecode.swift; path = PlaceDetails.swift; sourceTree = "<group>"; };
		20A381322B15AECE00172E8A /* Info.plist */ = {isa = PBXFileReference; lastKnownFileType = text.plist; path = Info.plist; sourceTree = "<group>"; };
		20AFC92F2B14ED7700F5B3CC /* API_KEY.xcconfig */ = {isa = PBXFileReference; lastKnownFileType = text.xcconfig; path = API_KEY.xcconfig; sourceTree = "<group>"; };
		20E272432B1791BE00534C2F /* moev.xctestplan */ = {isa = PBXFileReference; lastKnownFileType = text; path = moev.xctestplan; sourceTree = "<group>"; };
		20E272442B1792AA00534C2F /* test.gpx */ = {isa = PBXFileReference; lastKnownFileType = text.xml; name = test.gpx; path = ../test.gpx; sourceTree = "<group>"; };
		20F70B242B1679F100B363FA /* LocationManager.swift */ = {isa = PBXFileReference; lastKnownFileType = sourcecode.swift; path = LocationManager.swift; sourceTree = "<group>"; };
		20F70B262B16AB8B00B363FA /* TextDisplay.swift */ = {isa = PBXFileReference; lastKnownFileType = sourcecode.swift; path = TextDisplay.swift; sourceTree = "<group>"; };
		20FAC05B2B2268C500D33275 /* UIUtils.swift */ = {isa = PBXFileReference; lastKnownFileType = sourcecode.swift; path = UIUtils.swift; sourceTree = "<group>"; };
		20FC63B02F71CE8400617B4F /* RouteDetailView.swift */ = {isa = PBXFileReference; lastKnownFileType = sourcecode.swift; path = RouteDetailView.swift; sourceTree = "<group>"; };
		20FC63B22F71CE9400617B4F /* RecentSearchesStore.swift */ = {isa = PBXFileReference; lastKnownFileType = sourcecode.swift; path = RecentSearchesStore.swift; sourceTree = "<group>"; };
		20FC63B42F72098900617B4F /* MultiRouteView.swift */ = {isa = PBXFileReference; lastKnownFileType = sourcecode.swift; path = MultiRouteView.swift; sourceTree = "<group>"; };
/* End PBXFileReference section */

/* Begin PBXFrameworksBuildPhase section */
		20400EAD2B145A6D00CA7D7A /* Frameworks */ = {
			isa = PBXFrameworksBuildPhase;
			buildActionMask = 2147483647;
			files = (
			);
			runOnlyForDeploymentPostprocessing = 0;
		};
		20400EBD2B145A6E00CA7D7A /* Frameworks */ = {
			isa = PBXFrameworksBuildPhase;
			buildActionMask = 2147483647;
			files = (
			);
			runOnlyForDeploymentPostprocessing = 0;
		};
		20400EC72B145A6E00CA7D7A /* Frameworks */ = {
			isa = PBXFrameworksBuildPhase;
			buildActionMask = 2147483647;
			files = (
			);
			runOnlyForDeploymentPostprocessing = 0;
		};
/* End PBXFrameworksBuildPhase section */

/* Begin PBXGroup section */
		20400EA72B145A6D00CA7D7A = {
			isa = PBXGroup;
			children = (
				20E272442B1792AA00534C2F /* test.gpx */,
				20E272432B1791BE00534C2F /* moev.xctestplan */,
				20AFC92F2B14ED7700F5B3CC /* API_KEY.xcconfig */,
				20400EB22B145A6D00CA7D7A /* moev */,
				20400EC32B145A6E00CA7D7A /* moevTests */,
				20400ECD2B145A6E00CA7D7A /* moevUITests */,
				20400EB12B145A6D00CA7D7A /* Products */,
			);
			sourceTree = "<group>";
		};
		20400EB12B145A6D00CA7D7A /* Products */ = {
			isa = PBXGroup;
			children = (
				20400EB02B145A6D00CA7D7A /* moev.app */,
				20400EC02B145A6E00CA7D7A /* moevTests.xctest */,
				20400ECA2B145A6E00CA7D7A /* moevUITests.xctest */,
			);
			name = Products;
			sourceTree = "<group>";
		};
		20400EB22B145A6D00CA7D7A /* moev */ = {
			isa = PBXGroup;
			children = (
				20FC63B42F72098900617B4F /* MultiRouteView.swift */,
				20FC63B22F71CE9400617B4F /* RecentSearchesStore.swift */,
				20FC63B02F71CE8400617B4F /* RouteDetailView.swift */,
				206453342B2019CF00E288C9 /* API */,
				20A381322B15AECE00172E8A /* Info.plist */,
				20400EB32B145A6D00CA7D7A /* moevApp.swift */,
				20400EB52B145A6D00CA7D7A /* ContentView.swift */,
				20400EB72B145A6D00CA7D7A /* Assets.xcassets */,
				20400EB92B145A6D00CA7D7A /* Preview Content */,
				20F70B242B1679F100B363FA /* LocationManager.swift */,
				20F70B262B16AB8B00B363FA /* TextDisplay.swift */,
				206453322B1ED6AE00E288C9 /* ActivityMonitor.swift */,
				20FAC05B2B2268C500D33275 /* UIUtils.swift */,
			);
			path = moev;
			sourceTree = "<group>";
		};
		20400EB92B145A6D00CA7D7A /* Preview Content */ = {
			isa = PBXGroup;
			children = (
				20400EBA2B145A6D00CA7D7A /* Preview Assets.xcassets */,
			);
			path = "Preview Content";
			sourceTree = "<group>";
		};
		20400EC32B145A6E00CA7D7A /* moevTests */ = {
			isa = PBXGroup;
			children = (
				20400EC42B145A6E00CA7D7A /* moevTests.swift */,
			);
			path = moevTests;
			sourceTree = "<group>";
		};
		20400ECD2B145A6E00CA7D7A /* moevUITests */ = {
			isa = PBXGroup;
			children = (
				20400ECE2B145A6E00CA7D7A /* moevUITests.swift */,
				20400ED02B145A6E00CA7D7A /* moevUITestsLaunchTests.swift */,
			);
			path = moevUITests;
			sourceTree = "<group>";
		};
		206453342B2019CF00E288C9 /* API */ = {
			isa = PBXGroup;
			children = (
				20853EA42B21706100D14116 /* Models */,
				20202B302B14F0DD007CC8AA /* APIHandler.swift */,
				2064533B2B215D5700E288C9 /* APIUtils.swift */,
			);
			path = API;
			sourceTree = "<group>";
		};
		20853EA42B21706100D14116 /* Models */ = {
			isa = PBXGroup;
			children = (
				206453392B2041F800E288C9 /* ComputeRoutes.swift */,
				2064533D2B2164C200E288C9 /* PlaceAutocomplete.swift */,
				20853EA22B216EEE00D14116 /* PlaceDetails.swift */,
			);
			path = Models;
			sourceTree = "<group>";
		};
/* End PBXGroup section */

/* Begin PBXNativeTarget section */
		20400EAF2B145A6D00CA7D7A /* moev */ = {
			isa = PBXNativeTarget;
			buildConfigurationList = 20400ED42B145A6E00CA7D7A /* Build configuration list for PBXNativeTarget "moev" */;
			buildPhases = (
				20400EAC2B145A6D00CA7D7A /* Sources */,
				20400EAD2B145A6D00CA7D7A /* Frameworks */,
				20400EAE2B145A6D00CA7D7A /* Resources */,
			);
			buildRules = (
			);
			dependencies = (
			);
			name = moev;
			productName = moev;
			productReference = 20400EB02B145A6D00CA7D7A /* moev.app */;
			productType = "com.apple.product-type.application";
		};
		20400EBF2B145A6E00CA7D7A /* moevTests */ = {
			isa = PBXNativeTarget;
			buildConfigurationList = 20400ED72B145A6E00CA7D7A /* Build configuration list for PBXNativeTarget "moevTests" */;
			buildPhases = (
				20400EBC2B145A6E00CA7D7A /* Sources */,
				20400EBD2B145A6E00CA7D7A /* Frameworks */,
				20400EBE2B145A6E00CA7D7A /* Resources */,
			);
			buildRules = (
			);
			dependencies = (
				20400EC22B145A6E00CA7D7A /* PBXTargetDependency */,
			);
			name = moevTests;
			productName = moevTests;
			productReference = 20400EC02B145A6E00CA7D7A /* moevTests.xctest */;
			productType = "com.apple.product-type.bundle.unit-test";
		};
		20400EC92B145A6E00CA7D7A /* moevUITests */ = {
			isa = PBXNativeTarget;
			buildConfigurationList = 20400EDA2B145A6E00CA7D7A /* Build configuration list for PBXNativeTarget "moevUITests" */;
			buildPhases = (
				20400EC62B145A6E00CA7D7A /* Sources */,
				20400EC72B145A6E00CA7D7A /* Frameworks */,
				20400EC82B145A6E00CA7D7A /* Resources */,
			);
			buildRules = (
			);
			dependencies = (
				20400ECC2B145A6E00CA7D7A /* PBXTargetDependency */,
			);
			name = moevUITests;
			productName = moevUITests;
			productReference = 20400ECA2B145A6E00CA7D7A /* moevUITests.xctest */;
			productType = "com.apple.product-type.bundle.ui-testing";
		};
/* End PBXNativeTarget section */

/* Begin PBXProject section */
		20400EA82B145A6D00CA7D7A /* Project object */ = {
			isa = PBXProject;
			attributes = {
				BuildIndependentTargetsInParallel = 1;
				LastSwiftUpdateCheck = 1510;
				LastUpgradeCheck = 1510;
				TargetAttributes = {
					20400EAF2B145A6D00CA7D7A = {
						CreatedOnToolsVersion = 15.1;
					};
					20400EBF2B145A6E00CA7D7A = {
						CreatedOnToolsVersion = 15.1;
						TestTargetID = 20400EAF2B145A6D00CA7D7A;
					};
					20400EC92B145A6E00CA7D7A = {
						CreatedOnToolsVersion = 15.1;
						TestTargetID = 20400EAF2B145A6D00CA7D7A;
					};
				};
			};
			buildConfigurationList = 20400EAB2B145A6D00CA7D7A /* Build configuration list for PBXProject "moev" */;
			compatibilityVersion = "Xcode 14.0";
			developmentRegion = en;
			hasScannedForEncodings = 0;
			knownRegions = (
				en,
				Base,
			);
			mainGroup = 20400EA72B145A6D00CA7D7A;
			productRefGroup = 20400EB12B145A6D00CA7D7A /* Products */;
			projectDirPath = "";
			projectRoot = "";
			targets = (
				20400EAF2B145A6D00CA7D7A /* moev */,
				20400EBF2B145A6E00CA7D7A /* moevTests */,
				20400EC92B145A6E00CA7D7A /* moevUITests */,
			);
		};
/* End PBXProject section */

/* Begin PBXResourcesBuildPhase section */
		20400EAE2B145A6D00CA7D7A /* Resources */ = {
			isa = PBXResourcesBuildPhase;
			buildActionMask = 2147483647;
			files = (
				20400EBB2B145A6D00CA7D7A /* Preview Assets.xcassets in Resources */,
				20400EB82B145A6D00CA7D7A /* Assets.xcassets in Resources */,
			);
			runOnlyForDeploymentPostprocessing = 0;
		};
		20400EBE2B145A6E00CA7D7A /* Resources */ = {
			isa = PBXResourcesBuildPhase;
			buildActionMask = 2147483647;
			files = (
			);
			runOnlyForDeploymentPostprocessing = 0;
		};
		20400EC82B145A6E00CA7D7A /* Resources */ = {
			isa = PBXResourcesBuildPhase;
			buildActionMask = 2147483647;
			files = (
			);
			runOnlyForDeploymentPostprocessing = 0;
		};
/* End PBXResourcesBuildPhase section */

/* Begin PBXSourcesBuildPhase section */
		20400EAC2B145A6D00CA7D7A /* Sources */ = {
			isa = PBXSourcesBuildPhase;
			buildActionMask = 2147483647;
			files = (
				20F70B252B1679F100B363FA /* LocationManager.swift in Sources */,
				20FC63B12F71CE8400617B4F /* RouteDetailView.swift in Sources */,
				2064533E2B2164C200E288C9 /* PlaceAutocomplete.swift in Sources */,
				2064533A2B2041F800E288C9 /* ComputeRoutes.swift in Sources */,
				20853EA32B216EEE00D14116 /* PlaceDetails.swift in Sources */,
				20202B312B14F0DD007CC8AA /* APIHandler.swift in Sources */,
				20400EB62B145A6D00CA7D7A /* ContentView.swift in Sources */,
				2064533C2B215D5700E288C9 /* APIUtils.swift in Sources */,
				20FC63B52F72098900617B4F /* MultiRouteView.swift in Sources */,
				206453332B1ED6AE00E288C9 /* ActivityMonitor.swift in Sources */,
				20FC63B32F71CE9400617B4F /* RecentSearchesStore.swift in Sources */,
				20F70B272B16AB8B00B363FA /* TextDisplay.swift in Sources */,
				20400EB42B145A6D00CA7D7A /* moevApp.swift in Sources */,
				20FAC05C2B2268C500D33275 /* UIUtils.swift in Sources */,
			);
			runOnlyForDeploymentPostprocessing = 0;
		};
		20400EBC2B145A6E00CA7D7A /* Sources */ = {
			isa = PBXSourcesBuildPhase;
			buildActionMask = 2147483647;
			files = (
				20400EC52B145A6E00CA7D7A /* moevTests.swift in Sources */,
			);
			runOnlyForDeploymentPostprocessing = 0;
		};
		20400EC62B145A6E00CA7D7A /* Sources */ = {
			isa = PBXSourcesBuildPhase;
			buildActionMask = 2147483647;
			files = (
				20400ECF2B145A6E00CA7D7A /* moevUITests.swift in Sources */,
				20400ED12B145A6E00CA7D7A /* moevUITestsLaunchTests.swift in Sources */,
			);
			runOnlyForDeploymentPostprocessing = 0;
		};
/* End PBXSourcesBuildPhase section */

/* Begin PBXTargetDependency section */
		20400EC22B145A6E00CA7D7A /* PBXTargetDependency */ = {
			isa = PBXTargetDependency;
			target = 20400EAF2B145A6D00CA7D7A /* moev */;
			targetProxy = 20400EC12B145A6E00CA7D7A /* PBXContainerItemProxy */;
		};
		20400ECC2B145A6E00CA7D7A /* PBXTargetDependency */ = {
			isa = PBXTargetDependency;
			target = 20400EAF2B145A6D00CA7D7A /* moev */;
			targetProxy = 20400ECB2B145A6E00CA7D7A /* PBXContainerItemProxy */;
		};
/* End PBXTargetDependency section */

/* Begin XCBuildConfiguration section */
		20400ED22B145A6E00CA7D7A /* Debug */ = {
			isa = XCBuildConfiguration;
			baseConfigurationReference = 20AFC92F2B14ED7700F5B3CC /* API_KEY.xcconfig */;
			buildSettings = {
				ALWAYS_SEARCH_USER_PATHS = NO;
				ASSETCATALOG_COMPILER_GENERATE_SWIFT_ASSET_SYMBOL_EXTENSIONS = YES;
				CLANG_ANALYZER_NONNULL = YES;
				CLANG_ANALYZER_NUMBER_OBJECT_CONVERSION = YES_AGGRESSIVE;
				CLANG_CXX_LANGUAGE_STANDARD = "gnu++20";
				CLANG_ENABLE_MODULES = YES;
				CLANG_ENABLE_OBJC_ARC = YES;
				CLANG_ENABLE_OBJC_WEAK = YES;
				CLANG_WARN_BLOCK_CAPTURE_AUTORELEASING = YES;
				CLANG_WARN_BOOL_CONVERSION = YES;
				CLANG_WARN_COMMA = YES;
				CLANG_WARN_CONSTANT_CONVERSION = YES;
				CLANG_WARN_DEPRECATED_OBJC_IMPLEMENTATIONS = YES;
				CLANG_WARN_DIRECT_OBJC_ISA_USAGE = YES_ERROR;
				CLANG_WARN_DOCUMENTATION_COMMENTS = YES;
				CLANG_WARN_EMPTY_BODY = YES;
				CLANG_WARN_ENUM_CONVERSION = YES;
				CLANG_WARN_INFINITE_RECURSION = YES;
				CLANG_WARN_INT_CONVERSION = YES;
				CLANG_WARN_NON_LITERAL_NULL_CONVERSION = YES;
				CLANG_WARN_OBJC_IMPLICIT_RETAIN_SELF = YES;
				CLANG_WARN_OBJC_LITERAL_CONVERSION = YES;
				CLANG_WARN_OBJC_ROOT_CLASS = YES_ERROR;
				CLANG_WARN_QUOTED_INCLUDE_IN_FRAMEWORK_HEADER = YES;
				CLANG_WARN_RANGE_LOOP_ANALYSIS = YES;
				CLANG_WARN_STRICT_PROTOTYPES = YES;
				CLANG_WARN_SUSPICIOUS_MOVE = YES;
				CLANG_WARN_UNGUARDED_AVAILABILITY = YES_AGGRESSIVE;
				CLANG_WARN_UNREACHABLE_CODE = YES;
				CLANG_WARN__DUPLICATE_METHOD_MATCH = YES;
				COPY_PHASE_STRIP = NO;
				DEBUG_INFORMATION_FORMAT = dwarf;
				ENABLE_STRICT_OBJC_MSGSEND = YES;
				ENABLE_TESTABILITY = YES;
				ENABLE_USER_SCRIPT_SANDBOXING = YES;
				GCC_C_LANGUAGE_STANDARD = gnu17;
				GCC_DYNAMIC_NO_PIC = NO;
				GCC_NO_COMMON_BLOCKS = YES;
				GCC_OPTIMIZATION_LEVEL = 0;
				GCC_PREPROCESSOR_DEFINITIONS = (
					"DEBUG=1",
					"$(inherited)",
				);
				GCC_WARN_64_TO_32_BIT_CONVERSION = YES;
				GCC_WARN_ABOUT_RETURN_TYPE = YES_ERROR;
				GCC_WARN_UNDECLARED_SELECTOR = YES;
				GCC_WARN_UNINITIALIZED_AUTOS = YES_AGGRESSIVE;
				GCC_WARN_UNUSED_FUNCTION = YES;
				GCC_WARN_UNUSED_VARIABLE = YES;
				IPHONEOS_DEPLOYMENT_TARGET = 17.2;
				LOCALIZATION_PREFERS_STRING_CATALOGS = YES;
				MTL_ENABLE_DEBUG_INFO = INCLUDE_SOURCE;
				MTL_FAST_MATH = YES;
				ONLY_ACTIVE_ARCH = YES;
				SDKROOT = iphoneos;
				SWIFT_ACTIVE_COMPILATION_CONDITIONS = "DEBUG $(inherited)";
				SWIFT_OPTIMIZATION_LEVEL = "-Onone";
			};
			name = Debug;
		};
		20400ED32B145A6E00CA7D7A /* Release */ = {
			isa = XCBuildConfiguration;
			baseConfigurationReference = 20AFC92F2B14ED7700F5B3CC /* API_KEY.xcconfig */;
			buildSettings = {
				ALWAYS_SEARCH_USER_PATHS = NO;
				ASSETCATALOG_COMPILER_GENERATE_SWIFT_ASSET_SYMBOL_EXTENSIONS = YES;
				CLANG_ANALYZER_NONNULL = YES;
				CLANG_ANALYZER_NUMBER_OBJECT_CONVERSION = YES_AGGRESSIVE;
				CLANG_CXX_LANGUAGE_STANDARD = "gnu++20";
				CLANG_ENABLE_MODULES = YES;
				CLANG_ENABLE_OBJC_ARC = YES;
				CLANG_ENABLE_OBJC_WEAK = YES;
				CLANG_WARN_BLOCK_CAPTURE_AUTORELEASING = YES;
				CLANG_WARN_BOOL_CONVERSION = YES;
				CLANG_WARN_COMMA = YES;
				CLANG_WARN_CONSTANT_CONVERSION = YES;
				CLANG_WARN_DEPRECATED_OBJC_IMPLEMENTATIONS = YES;
				CLANG_WARN_DIRECT_OBJC_ISA_USAGE = YES_ERROR;
				CLANG_WARN_DOCUMENTATION_COMMENTS = YES;
				CLANG_WARN_EMPTY_BODY = YES;
				CLANG_WARN_ENUM_CONVERSION = YES;
				CLANG_WARN_INFINITE_RECURSION = YES;
				CLANG_WARN_INT_CONVERSION = YES;
				CLANG_WARN_NON_LITERAL_NULL_CONVERSION = YES;
				CLANG_WARN_OBJC_IMPLICIT_RETAIN_SELF = YES;
				CLANG_WARN_OBJC_LITERAL_CONVERSION = YES;
				CLANG_WARN_OBJC_ROOT_CLASS = YES_ERROR;
				CLANG_WARN_QUOTED_INCLUDE_IN_FRAMEWORK_HEADER = YES;
				CLANG_WARN_RANGE_LOOP_ANALYSIS = YES;
				CLANG_WARN_STRICT_PROTOTYPES = YES;
				CLANG_WARN_SUSPICIOUS_MOVE = YES;
				CLANG_WARN_UNGUARDED_AVAILABILITY = YES_AGGRESSIVE;
				CLANG_WARN_UNREACHABLE_CODE = YES;
				CLANG_WARN__DUPLICATE_METHOD_MATCH = YES;
				COPY_PHASE_STRIP = NO;
				DEBUG_INFORMATION_FORMAT = "dwarf-with-dsym";
				ENABLE_NS_ASSERTIONS = NO;
				ENABLE_STRICT_OBJC_MSGSEND = YES;
				ENABLE_USER_SCRIPT_SANDBOXING = YES;
				GCC_C_LANGUAGE_STANDARD = gnu17;
				GCC_NO_COMMON_BLOCKS = YES;
				GCC_WARN_64_TO_32_BIT_CONVERSION = YES;
				GCC_WARN_ABOUT_RETURN_TYPE = YES_ERROR;
				GCC_WARN_UNDECLARED_SELECTOR = YES;
				GCC_WARN_UNINITIALIZED_AUTOS = YES_AGGRESSIVE;
				GCC_WARN_UNUSED_FUNCTION = YES;
				GCC_WARN_UNUSED_VARIABLE = YES;
				IPHONEOS_DEPLOYMENT_TARGET = 17.2;
				LOCALIZATION_PREFERS_STRING_CATALOGS = YES;
				MTL_ENABLE_DEBUG_INFO = NO;
				MTL_FAST_MATH = YES;
				SDKROOT = iphoneos;
				SWIFT_COMPILATION_MODE = wholemodule;
				VALIDATE_PRODUCT = YES;
			};
			name = Release;
		};
		20400ED52B145A6E00CA7D7A /* Debug */ = {
			isa = XCBuildConfiguration;
			baseConfigurationReference = 20AFC92F2B14ED7700F5B3CC /* API_KEY.xcconfig */;
			buildSettings = {
				ASSETCATALOG_COMPILER_APPICON_NAME = AppIcon;
				ASSETCATALOG_COMPILER_GLOBAL_ACCENT_COLOR_NAME = AccentColor;
				CODE_SIGN_STYLE = Automatic;
				CURRENT_PROJECT_VERSION = 1;
				DEVELOPMENT_ASSET_PATHS = "\"moev/Preview Content\"";
				DEVELOPMENT_TEAM = SM7F898GQH;
				ENABLE_PREVIEWS = YES;
				GENERATE_INFOPLIST_FILE = YES;
				INFOPLIST_FILE = moev/Info.plist;
				INFOPLIST_KEY_UIApplicationSceneManifest_Generation = YES;
				INFOPLIST_KEY_UIApplicationSupportsIndirectInputEvents = YES;
				INFOPLIST_KEY_UILaunchScreen_Generation = YES;
				INFOPLIST_KEY_UISupportedInterfaceOrientations_iPad = "UIInterfaceOrientationPortrait UIInterfaceOrientationPortraitUpsideDown UIInterfaceOrientationLandscapeLeft UIInterfaceOrientationLandscapeRight";
				INFOPLIST_KEY_UISupportedInterfaceOrientations_iPhone = "UIInterfaceOrientationPortrait UIInterfaceOrientationLandscapeLeft UIInterfaceOrientationLandscapeRight";
				LD_RUNPATH_SEARCH_PATHS = (
					"$(inherited)",
					"@executable_path/Frameworks",
				);
				MARKETING_VERSION = 1.0;
				PRODUCT_BUNDLE_IDENTIFIER = com.technaplex.moev;
				PRODUCT_NAME = "$(TARGET_NAME)";
				SWIFT_EMIT_LOC_STRINGS = YES;
				SWIFT_VERSION = 5.0;
				TARGETED_DEVICE_FAMILY = "1,2";
			};
			name = Debug;
		};
		20400ED62B145A6E00CA7D7A /* Release */ = {
			isa = XCBuildConfiguration;
			baseConfigurationReference = 20AFC92F2B14ED7700F5B3CC /* API_KEY.xcconfig */;
			buildSettings = {
				ASSETCATALOG_COMPILER_APPICON_NAME = AppIcon;
				ASSETCATALOG_COMPILER_GLOBAL_ACCENT_COLOR_NAME = AccentColor;
				CODE_SIGN_STYLE = Automatic;
				CURRENT_PROJECT_VERSION = 1;
				DEVELOPMENT_ASSET_PATHS = "\"moev/Preview Content\"";
				DEVELOPMENT_TEAM = SM7F898GQH;
				ENABLE_PREVIEWS = YES;
				GENERATE_INFOPLIST_FILE = YES;
				INFOPLIST_FILE = moev/Info.plist;
				INFOPLIST_KEY_UIApplicationSceneManifest_Generation = YES;
				INFOPLIST_KEY_UIApplicationSupportsIndirectInputEvents = YES;
				INFOPLIST_KEY_UILaunchScreen_Generation = YES;
				INFOPLIST_KEY_UISupportedInterfaceOrientations_iPad = "UIInterfaceOrientationPortrait UIInterfaceOrientationPortraitUpsideDown UIInterfaceOrientationLandscapeLeft UIInterfaceOrientationLandscapeRight";
				INFOPLIST_KEY_UISupportedInterfaceOrientations_iPhone = "UIInterfaceOrientationPortrait UIInterfaceOrientationLandscapeLeft UIInterfaceOrientationLandscapeRight";
				LD_RUNPATH_SEARCH_PATHS = (
					"$(inherited)",
					"@executable_path/Frameworks",
				);
				MARKETING_VERSION = 1.0;
				PRODUCT_BUNDLE_IDENTIFIER = com.technaplex.moev;
				PRODUCT_NAME = "$(TARGET_NAME)";
				SWIFT_EMIT_LOC_STRINGS = YES;
				SWIFT_VERSION = 5.0;
				TARGETED_DEVICE_FAMILY = "1,2";
			};
			name = Release;
		};
		20400ED82B145A6E00CA7D7A /* Debug */ = {
			isa = XCBuildConfiguration;
			baseConfigurationReference = 20AFC92F2B14ED7700F5B3CC /* API_KEY.xcconfig */;
			buildSettings = {
				ALWAYS_EMBED_SWIFT_STANDARD_LIBRARIES = YES;
				BUNDLE_LOADER = "$(TEST_HOST)";
				CODE_SIGN_STYLE = Automatic;
				CURRENT_PROJECT_VERSION = 1;
				DEVELOPMENT_TEAM = SM7F898GQH;
				GENERATE_INFOPLIST_FILE = YES;
				IPHONEOS_DEPLOYMENT_TARGET = 17.2;
				MARKETING_VERSION = 1.0;
				PRODUCT_BUNDLE_IDENTIFIER = com.technaplex.moevTests;
				PRODUCT_NAME = "$(TARGET_NAME)";
				SWIFT_EMIT_LOC_STRINGS = NO;
				SWIFT_VERSION = 5.0;
				TARGETED_DEVICE_FAMILY = "1,2";
				TEST_HOST = "$(BUILT_PRODUCTS_DIR)/moev.app/$(BUNDLE_EXECUTABLE_FOLDER_PATH)/moev";
			};
			name = Debug;
		};
		20400ED92B145A6E00CA7D7A /* Release */ = {
			isa = XCBuildConfiguration;
			baseConfigurationReference = 20AFC92F2B14ED7700F5B3CC /* API_KEY.xcconfig */;
			buildSettings = {
				ALWAYS_EMBED_SWIFT_STANDARD_LIBRARIES = YES;
				BUNDLE_LOADER = "$(TEST_HOST)";
				CODE_SIGN_STYLE = Automatic;
				CURRENT_PROJECT_VERSION = 1;
				DEVELOPMENT_TEAM = SM7F898GQH;
				GENERATE_INFOPLIST_FILE = YES;
				IPHONEOS_DEPLOYMENT_TARGET = 17.2;
				MARKETING_VERSION = 1.0;
				PRODUCT_BUNDLE_IDENTIFIER = com.technaplex.moevTests;
				PRODUCT_NAME = "$(TARGET_NAME)";
				SWIFT_EMIT_LOC_STRINGS = NO;
				SWIFT_VERSION = 5.0;
				TARGETED_DEVICE_FAMILY = "1,2";
				TEST_HOST = "$(BUILT_PRODUCTS_DIR)/moev.app/$(BUNDLE_EXECUTABLE_FOLDER_PATH)/moev";
			};
			name = Release;
		};
		20400EDB2B145A6E00CA7D7A /* Debug */ = {
			isa = XCBuildConfiguration;
			baseConfigurationReference = 20AFC92F2B14ED7700F5B3CC /* API_KEY.xcconfig */;
			buildSettings = {
				ALWAYS_EMBED_SWIFT_STANDARD_LIBRARIES = YES;
				CODE_SIGN_STYLE = Automatic;
				CURRENT_PROJECT_VERSION = 1;
				DEVELOPMENT_TEAM = SM7F898GQH;
				GENERATE_INFOPLIST_FILE = YES;
				MARKETING_VERSION = 1.0;
				PRODUCT_BUNDLE_IDENTIFIER = com.technaplex.moevUITests;
				PRODUCT_NAME = "$(TARGET_NAME)";
				SWIFT_EMIT_LOC_STRINGS = NO;
				SWIFT_VERSION = 5.0;
				TARGETED_DEVICE_FAMILY = "1,2";
				TEST_TARGET_NAME = moev;
			};
			name = Debug;
		};
		20400EDC2B145A6E00CA7D7A /* Release */ = {
			isa = XCBuildConfiguration;
			baseConfigurationReference = 20AFC92F2B14ED7700F5B3CC /* API_KEY.xcconfig */;
			buildSettings = {
				ALWAYS_EMBED_SWIFT_STANDARD_LIBRARIES = YES;
				CODE_SIGN_STYLE = Automatic;
				CURRENT_PROJECT_VERSION = 1;
				DEVELOPMENT_TEAM = SM7F898GQH;
				GENERATE_INFOPLIST_FILE = YES;
				MARKETING_VERSION = 1.0;
				PRODUCT_BUNDLE_IDENTIFIER = com.technaplex.moevUITests;
				PRODUCT_NAME = "$(TARGET_NAME)";
				SWIFT_EMIT_LOC_STRINGS = NO;
				SWIFT_VERSION = 5.0;
				TARGETED_DEVICE_FAMILY = "1,2";
				TEST_TARGET_NAME = moev;
			};
			name = Release;
		};
/* End XCBuildConfiguration section */

/* Begin XCConfigurationList section */
		20400EAB2B145A6D00CA7D7A /* Build configuration list for PBXProject "moev" */ = {
			isa = XCConfigurationList;
			buildConfigurations = (
				20400ED22B145A6E00CA7D7A /* Debug */,
				20400ED32B145A6E00CA7D7A /* Release */,
			);
			defaultConfigurationIsVisible = 0;
			defaultConfigurationName = Release;
		};
		20400ED42B145A6E00CA7D7A /* Build configuration list for PBXNativeTarget "moev" */ = {
			isa = XCConfigurationList;
			buildConfigurations = (
				20400ED52B145A6E00CA7D7A /* Debug */,
				20400ED62B145A6E00CA7D7A /* Release */,
			);
			defaultConfigurationIsVisible = 0;
			defaultConfigurationName = Release;
		};
		20400ED72B145A6E00CA7D7A /* Build configuration list for PBXNativeTarget "moevTests" */ = {
			isa = XCConfigurationList;
			buildConfigurations = (
				20400ED82B145A6E00CA7D7A /* Debug */,
				20400ED92B145A6E00CA7D7A /* Release */,
			);
			defaultConfigurationIsVisible = 0;
			defaultConfigurationName = Release;
		};
		20400EDA2B145A6E00CA7D7A /* Build configuration list for PBXNativeTarget "moevUITests" */ = {
			isa = XCConfigurationList;
			buildConfigurations = (
				20400EDB2B145A6E00CA7D7A /* Debug */,
				20400EDC2B145A6E00CA7D7A /* Release */,
			);
			defaultConfigurationIsVisible = 0;
			defaultConfigurationName = Release;
		};
/* End XCConfigurationList section */
	};
	rootObject = 20400EA82B145A6D00CA7D7A /* Project object */;
}
